
Microsoft Visual Studio Solution File, Format Version 12.00
Project("{FAE04EC0-301F-11D3-BF4B-00C04F79EFBC}") = "Mail", "Mail\Mail.csproj", "{AF30B07B-C682-48C0-8ECE-3C3A4C5D1D92}"
EndProject
Global
	GlobalSection(SolutionConfigurationPlatforms) = preSolution
		Debug|Any CPU = Debug|Any CPU
		Release|Any CPU = Release|Any CPU
	EndGlobalSection
	GlobalSection(ProjectConfigurationPlatforms) = postSolution
		{AF30B07B-C682-48C0-8ECE-3C3A4C5D1D92}.Debug|Any CPU.ActiveCfg = Debug|Any CPU
		{AF30B07B-C682-48C0-8ECE-3C3A4C5D1D92}.Debug|Any CPU.Build.0 = Debug|Any CPU
		{AF30B07B-C682-48C0-8ECE-3C3A4C5D1D92}.Release|Any CPU.ActiveCfg = Release|Any CPU
		{AF30B07B-C682-48C0-8ECE-3C3A4C5D1D92}.Release|Any CPU.Build.0 = Release|Any CPU
	EndGlobalSection
EndGlobal
